
Microsoft Visual Studio Solution File, Format Version 11.00
# Visual Studio 2010
Project("{FAE04EC0-301F-11D3-BF4B-00C04F79EFBC}") = "Assembly-CSharp", "Assembly-CSharp.csproj", "{ABF50923-1470-D127-29ED-125616AFA8D6}"
EndProject
Project("{FAE04EC0-301F-11D3-BF4B-00C04F79EFBC}") = "Assembly-CSharp-Editor", "Assembly-CSharp-Editor.csproj", "{0FA31E77-97D4-3FCB-18C9-8F8BB0999E70}"
EndProject
Global
	GlobalSection(SolutionConfigurationPlatforms) = preSolution
		Debug|Any CPU = Debug|Any CPU
		Release|Any CPU = Release|Any CPU
	EndGlobalSection
	GlobalSection(ProjectConfigurationPlatforms) = postSolution
		{ABF50923-1470-D127-29ED-125616AFA8D6}.Debug|Any CPU.ActiveCfg = Debug|Any CPU
		{ABF50923-1470-D127-29ED-125616AFA8D6}.Debug|Any CPU.Build.0 = Debug|Any CPU
		{ABF50923-1470-D127-29ED-125616AFA8D6}.Release|Any CPU.ActiveCfg = Release|Any CPU
		{ABF50923-1470-D127-29ED-125616AFA8D6}.Release|Any CPU.Build.0 = Release|Any CPU
		{0FA31E77-97D4-3FCB-18C9-8F8BB0999E70}.Debug|Any CPU.ActiveCfg = Debug|Any CPU
		{0FA31E77-97D4-3FCB-18C9-8F8BB0999E70}.Debug|Any CPU.Build.0 = Debug|Any CPU
		{0FA31E77-97D4-3FCB-18C9-8F8BB0999E70}.Release|Any CPU.ActiveCfg = Release|Any CPU
		{0FA31E77-97D4-3FCB-18C9-8F8BB0999E70}.Release|Any CPU.Build.0 = Release|Any CPU
	EndGlobalSection
	GlobalSection(SolutionProperties) = preSolution
		HideSolutionNode = FALSE
	EndGlobalSection
EndGlobal
